
Microsoft Visual Studio Solution File, Format Version 12.00
# Visual Studio Version 17
VisualStudioVersion = 17.13.35931.197 d17.13
MinimumVisualStudioVersion = 10.0.40219.1
Project("{FAE04EC0-301F-11D3-BF4B-00C04F79EFBC}") = "ConstructorAssignment", "ConstructorAssignment\ConstructorAssignment.csproj", "{0CC54E61-36C8-43F7-A505-D344D19FF904}"
EndProject
Global
	GlobalSection(SolutionConfigurationPlatforms) = preSolution
		Debug|Any CPU = Debug|Any CPU
		Release|Any CPU = Release|Any CPU
	EndGlobalSection
	GlobalSection(ProjectConfigurationPlatforms) = postSolution
		{0CC54E61-36C8-43F7-A505-D344D19FF904}.Debug|Any CPU.ActiveCfg = Debug|Any CPU
		{0CC54E61-36C8-43F7-A505-D344D19FF904}.Debug|Any CPU.Build.0 = Debug|Any CPU
		{0CC54E61-36C8-43F7-A505-D344D19FF904}.Release|Any CPU.ActiveCfg = Release|Any CPU
		{0CC54E61-36C8-43F7-A505-D344D19FF904}.Release|Any CPU.Build.0 = Release|Any CPU
	EndGlobalSection
	GlobalSection(SolutionProperties) = preSolution
		HideSolutionNode = FALSE
	EndGlobalSection
	GlobalSection(ExtensibilityGlobals) = postSolution
		SolutionGuid = {EFA711C0-E8F5-42ED-9339-75BD5DF552B2}
	EndGlobalSection
EndGlobal
