
Microsoft Visual Studio Solution File, Format Version 12.00
# Visual Studio Version 17
VisualStudioVersion = 17.13.35931.197 d17.13
MinimumVisualStudioVersion = 10.0.40219.1
Project("{FAE04EC0-301F-11D3-BF4B-00C04F79EFBC}") = "PolymorphismAssignmentSubmission", "PolymorphismAssignmentSubmission\PolymorphismAssignmentSubmission.csproj", "{FA1FECD3-1801-4D60-AEB4-10BE28D8864C}"
EndProject
Global
	GlobalSection(SolutionConfigurationPlatforms) = preSolution
		Debug|Any CPU = Debug|Any CPU
		Release|Any CPU = Release|Any CPU
	EndGlobalSection
	GlobalSection(ProjectConfigurationPlatforms) = postSolution
		{FA1FECD3-1801-4D60-AEB4-10BE28D8864C}.Debug|Any CPU.ActiveCfg = Debug|Any CPU
		{FA1FECD3-1801-4D60-AEB4-10BE28D8864C}.Debug|Any CPU.Build.0 = Debug|Any CPU
		{FA1FECD3-1801-4D60-AEB4-10BE28D8864C}.Release|Any CPU.ActiveCfg = Release|Any CPU
		{FA1FECD3-1801-4D60-AEB4-10BE28D8864C}.Release|Any CPU.Build.0 = Release|Any CPU
	EndGlobalSection
	GlobalSection(SolutionProperties) = preSolution
		HideSolutionNode = FALSE
	EndGlobalSection
	GlobalSection(ExtensibilityGlobals) = postSolution
		SolutionGuid = {88CAD043-DC99-487F-AE76-3811DA6E7C8D}
	EndGlobalSection
EndGlobal
